
Microsoft Visual Studio Solution File, Format Version 12.00
# Visual Studio 15
VisualStudioVersion = 15.0.28307.572
MinimumVisualStudioVersion = 10.0.40219.1
Project("{8BC9CEB8-8B4A-11D0-8D11-00A0C91BC942}") = "SAT", "SAT\SAT.vcxproj", "{209192E2-098B-40FE-BC8C-BAE3CBF81900}"
EndProject
Global
	GlobalSection(SolutionConfigurationPlatforms) = preSolution
		Debug|x64 = Debug|x64
		Debug|x86 = Debug|x86
		Release|x64 = Release|x64
		Release|x86 = Release|x86
	EndGlobalSection
	GlobalSection(ProjectConfigurationPlatforms) = postSolution
		{209192E2-098B-40FE-BC8C-BAE3CBF81900}.Debug|x64.ActiveCfg = Debug|x64
		{209192E2-098B-40FE-BC8C-BAE3CBF81900}.Debug|x64.Build.0 = Debug|x64
		{209192E2-098B-40FE-BC8C-BAE3CBF81900}.Debug|x86.ActiveCfg = Debug|Win32
		{209192E2-098B-40FE-BC8C-BAE3CBF81900}.Debug|x86.Build.0 = Debug|Win32
		{209192E2-098B-40FE-BC8C-BAE3CBF81900}.Release|x64.ActiveCfg = Release|x64
		{209192E2-098B-40FE-BC8C-BAE3CBF81900}.Release|x64.Build.0 = Release|x64
		{209192E2-098B-40FE-BC8C-BAE3CBF81900}.Release|x86.ActiveCfg = Release|Win32
		{209192E2-098B-40FE-BC8C-BAE3CBF81900}.Release|x86.Build.0 = Release|Win32
	EndGlobalSection
	GlobalSection(SolutionProperties) = preSolution
		HideSolutionNode = FALSE
	EndGlobalSection
	GlobalSection(ExtensibilityGlobals) = postSolution
		SolutionGuid = {3D02ECD3-B183-40BB-BCEE-8F92A46689E1}
	EndGlobalSection
EndGlobal
