<?xml version="1.0" encoding="utf-8"?>
<Project ToolsVersion="4.0" xmlns="http://schemas.microsoft.com/developer/msbuild/2003">
  <ItemGroup>
    <Filter Include="Source Files">
      <UniqueIdentifier>{4FC737F1-C7A5-4376-A066-2A32D752A2FF}</UniqueIdentifier>
      <Extensions>cpp;c;cc;cxx;def;odl;idl;hpj;bat;asm;asmx</Extensions>
    </Filter>
    <Filter Include="Header Files">
      <UniqueIdentifier>{93995380-89BD-4b04-88EB-625FBE52EBFB}</UniqueIdentifier>
      <Extensions>h;hh;hpp;hxx;hm;inl;inc;ipp;xsd</Extensions>
    </Filter>
    <Filter Include="Resource Files">
      <UniqueIdentifier>{67DA6AB6-F800-4c08-8B7A-83BB121AAD01}</UniqueIdentifier>
      <Extensions>rc;ico;cur;bmp;dlg;rc2;rct;bin;rgs;gif;jpg;jpeg;jpe;resx;tiff;tif;png;wav;mfcribbon-ms</Extensions>
    </Filter>
    <Filter Include="Header Files\Node">
      <UniqueIdentifier>{716dcbd8-e3f6-4628-b917-40f6917d5534}</UniqueIdentifier>
    </Filter>
    <Filter Include="Source Files\Node">
      <UniqueIdentifier>{08160c94-d78a-4aa9-8452-2759d74ebf2d}</UniqueIdentifier>
    </Filter>
    <Filter Include="Header Files\Node\Operator">
      <UniqueIdentifier>{eb2a5ba2-4c13-4e6c-9cc8-6eb8ae7af745}</UniqueIdentifier>
    </Filter>
    <Filter Include="Source Files\Node\Operator">
      <UniqueIdentifier>{583d1686-1586-49d8-afd1-58b57d52db9d}</UniqueIdentifier>
    </Filter>
    <Filter Include="Header Files\Node\Not">
      <UniqueIdentifier>{830d3c02-63a8-46ee-87e6-4fde5b6e76da}</UniqueIdentifier>
    </Filter>
    <Filter Include="Source Files\Node\Not">
      <UniqueIdentifier>{d402e6f6-0e76-4cfd-9c64-d9484a668698}</UniqueIdentifier>
    </Filter>
    <Filter Include="Header Files\Node\Value">
      <UniqueIdentifier>{f660d1ff-31d5-4245-842c-b496bdfc9efc}</UniqueIdentifier>
    </Filter>
    <Filter Include="Source Files\Node\Node_value">
      <UniqueIdentifier>{7925585f-e868-473e-9b4d-3b19312ce7ee}</UniqueIdentifier>
    </Filter>
  </ItemGroup>
  <ItemGroup>
    <ClInclude Include="pch.h">
      <Filter>Header Files</Filter>
    </ClInclude>
    <ClInclude Include="Node.h">
      <Filter>Header Files\Node</Filter>
    </ClInclude>
    <ClInclude Include="TableCase.h">
      <Filter>Header Files</Filter>
    </ClInclude>
    <ClInclude Include="Operator.h">
      <Filter>Header Files\Node\Operator</Filter>
    </ClInclude>
    <ClInclude Include="Operator_And.h">
      <Filter>Header Files\Node\Operator</Filter>
    </ClInclude>
    <ClInclude Include="Operator_Or.h">
      <Filter>Header Files\Node\Operator</Filter>
    </ClInclude>
    <ClInclude Include="Node_Not.h">
      <Filter>Header Files\Node\Not</Filter>
    </ClInclude>
    <ClInclude Include="TruthTable.h">
      <Filter>Header Files</Filter>
    </ClInclude>
    <ClInclude Include="Parser.h">
      <Filter>Header Files</Filter>
    </ClInclude>
    <ClInclude Include="Node_Value.h">
      <Filter>Header Files\Node\Value</Filter>
    </ClInclude>
  </ItemGroup>
  <ItemGroup>
    <ClCompile Include="pch.cpp">
      <Filter>Source Files</Filter>
    </ClCompile>
    <ClCompile Include="SAT.cpp">
      <Filter>Source Files</Filter>
    </ClCompile>
    <ClCompile Include="Node.cpp">
      <Filter>Source Files\Node</Filter>
    </ClCompile>
    <ClCompile Include="TableCase.cpp">
      <Filter>Source Files</Filter>
    </ClCompile>
    <ClCompile Include="Operator.cpp">
      <Filter>Source Files\Node\Operator</Filter>
    </ClCompile>
    <ClCompile Include="Operator_And.cpp">
      <Filter>Source Files\Node\Operator</Filter>
    </ClCompile>
    <ClCompile Include="Operator_Or.cpp">
      <Filter>Source Files\Node\Operator</Filter>
    </ClCompile>
    <ClCompile Include="Node_Not.cpp">
      <Filter>Source Files\Node\Not</Filter>
    </ClCompile>
    <ClCompile Include="TruthTable.cpp">
      <Filter>Source Files</Filter>
    </ClCompile>
    <ClCompile Include="Parser.cpp">
      <Filter>Source Files</Filter>
    </ClCompile>
    <ClCompile Include="Node_Value.cpp">
      <Filter>Source Files\Node\Node_value</Filter>
    </ClCompile>
  </ItemGroup>
</Project>